<?xml version="1.0" encoding="UTF-8" standalone="yes" ?>
<CodeBlocks_project_file>
   <FileVersion major="1" minor="6" />
   <Project>
      <Option title="sparql_dlt" />
      <Option makefile_is_custom="1" />
      <Option compiler="gcc" />
      <Option virtualFolders="CMake Files\;" />
      <Build>
      <Target title="all">
         <Option working_dir="/home/ec2-user/sparql-dlt" />
         <Option type="4" />
         <MakeCommands>
            <Build command="/usr/bin/gmake -f &quot;/home/ec2-user/sparql-dlt/Makefile&quot;  VERBOSE=1 all" />
            <CompileFile command="/usr/bin/gmake -f &quot;/home/ec2-user/sparql-dlt/Makefile&quot;  VERBOSE=1 &quot;$file&quot;" />
            <Clean command="/usr/bin/gmake -f &quot;/home/ec2-user/sparql-dlt/Makefile&quot;  VERBOSE=1 clean" />
            <DistClean command="/usr/bin/gmake -f &quot;/home/ec2-user/sparql-dlt/Makefile&quot;  VERBOSE=1 clean" />
         </MakeCommands>
      </Target>
      <Target title="rebuild_cache">
         <Option working_dir="/home/ec2-user/sparql-dlt" />
         <Option type="4" />
         <MakeCommands>
            <Build command="/usr/bin/gmake -f &quot;/home/ec2-user/sparql-dlt/Makefile&quot;  VERBOSE=1 rebuild_cache" />
            <CompileFile command="/usr/bin/gmake -f &quot;/home/ec2-user/sparql-dlt/Makefile&quot;  VERBOSE=1 &quot;$file&quot;" />
            <Clean command="/usr/bin/gmake -f &quot;/home/ec2-user/sparql-dlt/Makefile&quot;  VERBOSE=1 clean" />
            <DistClean command="/usr/bin/gmake -f &quot;/home/ec2-user/sparql-dlt/Makefile&quot;  VERBOSE=1 clean" />
         </MakeCommands>
      </Target>
      <Target title="sparql_dlt">
         <Option output="/home/ec2-user/sparql-dlt/sparql_dlt" prefix_auto="0" extension_auto="0" />
         <Option working_dir="/home/ec2-user/sparql-dlt" />
         <Option object_output="./" />
         <Option type="1" />
         <Option compiler="gcc" />
         <Compiler>
         </Compiler>
         <MakeCommands>
            <Build command="/usr/bin/gmake -f &quot;/home/ec2-user/sparql-dlt/Makefile&quot;  VERBOSE=1 sparql_dlt" />
            <CompileFile command="/usr/bin/gmake -f &quot;/home/ec2-user/sparql-dlt/Makefile&quot;  VERBOSE=1 &quot;$file&quot;" />
            <Clean command="/usr/bin/gmake -f &quot;/home/ec2-user/sparql-dlt/Makefile&quot;  VERBOSE=1 clean" />
            <DistClean command="/usr/bin/gmake -f &quot;/home/ec2-user/sparql-dlt/Makefile&quot;  VERBOSE=1 clean" />
         </MakeCommands>
      </Target>
      <Target title="sparql_dlt/fast">
         <Option output="/home/ec2-user/sparql-dlt/sparql_dlt" prefix_auto="0" extension_auto="0" />
         <Option working_dir="/home/ec2-user/sparql-dlt" />
         <Option object_output="./" />
         <Option type="1" />
         <Option compiler="gcc" />
         <Compiler>
         </Compiler>
         <MakeCommands>
            <Build command="/usr/bin/gmake -f &quot;/home/ec2-user/sparql-dlt/Makefile&quot;  VERBOSE=1 sparql_dlt/fast" />
            <CompileFile command="/usr/bin/gmake -f &quot;/home/ec2-user/sparql-dlt/Makefile&quot;  VERBOSE=1 &quot;$file&quot;" />
            <Clean command="/usr/bin/gmake -f &quot;/home/ec2-user/sparql-dlt/Makefile&quot;  VERBOSE=1 clean" />
            <DistClean command="/usr/bin/gmake -f &quot;/home/ec2-user/sparql-dlt/Makefile&quot;  VERBOSE=1 clean" />
         </MakeCommands>
      </Target>
      </Build>
      <Unit filename="/home/ec2-user/sparql-dlt/main.cpp">
      </Unit>
      <Unit filename="/home/ec2-user/sparql-dlt/pool.h">
      </Unit>
      <Unit filename="/home/ec2-user/sparql-dlt/CMakeLists.txt">
          <Option virtualFolder="CMake Files\" />
      </Unit>
   </Project>
</CodeBlocks_project_file>
